
Microsoft Visual Studio Solution File, Format Version 12.00
# Visual Studio Version 16
VisualStudioVersion = 16.0.29409.12
MinimumVisualStudioVersion = 10.0.40219.1
Project("{FAE04EC0-301F-11D3-BF4B-00C04F79EFBC}") = "BankingProject", "BankingProject.csproj", "{7E762F2B-0897-4C83-8C98-382E74063225}"
EndProject
Project("{9A19103F-16F7-4668-BE54-9A1E7A4F7556}") = "BankingProject.Tests", "Test01\BankingProject.Tests.csproj", "{874F6438-E38E-4900-9190-3602D22AF58F}"
EndProject
Global
	GlobalSection(SolutionConfigurationPlatforms) = preSolution
		Debug|Any CPU = Debug|Any CPU
		Release|Any CPU = Release|Any CPU
	EndGlobalSection
	GlobalSection(ProjectConfigurationPlatforms) = postSolution
		{7E762F2B-0897-4C83-8C98-382E74063225}.Debug|Any CPU.ActiveCfg = Debug|Any CPU
		{7E762F2B-0897-4C83-8C98-382E74063225}.Debug|Any CPU.Build.0 = Debug|Any CPU
		{7E762F2B-0897-4C83-8C98-382E74063225}.Release|Any CPU.ActiveCfg = Release|Any CPU
		{7E762F2B-0897-4C83-8C98-382E74063225}.Release|Any CPU.Build.0 = Release|Any CPU
		{874F6438-E38E-4900-9190-3602D22AF58F}.Debug|Any CPU.ActiveCfg = Debug|Any CPU
		{874F6438-E38E-4900-9190-3602D22AF58F}.Debug|Any CPU.Build.0 = Debug|Any CPU
		{874F6438-E38E-4900-9190-3602D22AF58F}.Release|Any CPU.ActiveCfg = Release|Any CPU
		{874F6438-E38E-4900-9190-3602D22AF58F}.Release|Any CPU.Build.0 = Release|Any CPU
	EndGlobalSection
	GlobalSection(SolutionProperties) = preSolution
		HideSolutionNode = FALSE
	EndGlobalSection
	GlobalSection(ExtensibilityGlobals) = postSolution
		SolutionGuid = {2A1490E2-CDF6-455D-9118-E6AC8B77D898}
	EndGlobalSection
EndGlobal
